Microsoft Visual Studio Solution File, Format Version 11.00
# Visual Studio 2008

Project("{E73C64FD-8CF8-806E-C095-D103DCB8A371}") = "EditorScripting", "Assembly-CSharp.csproj", "{EBD5781E-7FFF-6583-5943-4F7DAF1544C5}"
EndProject
Project("{E73C64FD-8CF8-806E-C095-D103DCB8A371}") = "EditorScripting", "Assembly-CSharp-Editor.csproj", "{E8ED4EE3-BCE5-573F-14C7-049FAA34C42B}"
EndProject
Global
	GlobalSection(SolutionConfigurationPlatforms) = preSolution
		Debug|Any CPU = Debug|Any CPU
		Release|Any CPU = Release|Any CPU
	EndGlobalSection
	GlobalSection(ProjectConfigurationPlatforms) = postSolution
		{EBD5781E-7FFF-6583-5943-4F7DAF1544C5}.Debug|Any CPU.ActiveCfg = Debug|Any CPU
		{EBD5781E-7FFF-6583-5943-4F7DAF1544C5}.Debug|Any CPU.Build.0 = Debug|Any CPU
		{EBD5781E-7FFF-6583-5943-4F7DAF1544C5}.Release|Any CPU.ActiveCfg = Release|Any CPU
		{EBD5781E-7FFF-6583-5943-4F7DAF1544C5}.Release|Any CPU.Build.0 = Release|Any CPU
		{E8ED4EE3-BCE5-573F-14C7-049FAA34C42B}.Debug|Any CPU.ActiveCfg = Debug|Any CPU
		{E8ED4EE3-BCE5-573F-14C7-049FAA34C42B}.Debug|Any CPU.Build.0 = Debug|Any CPU
		{E8ED4EE3-BCE5-573F-14C7-049FAA34C42B}.Release|Any CPU.ActiveCfg = Release|Any CPU
		{E8ED4EE3-BCE5-573F-14C7-049FAA34C42B}.Release|Any CPU.Build.0 = Release|Any CPU
	EndGlobalSection
	GlobalSection(SolutionProperties) = preSolution
		HideSolutionNode = FALSE
	EndGlobalSection
	GlobalSection(MonoDevelopProperties) = preSolution
		StartupItem = Assembly-CSharp.csproj
	EndGlobalSection
EndGlobal
